
Microsoft Visual Studio Solution File, Format Version 12.00
# Visual Studio Version 16
VisualStudioVersion = 16.0.31702.278
MinimumVisualStudioVersion = 10.0.40219.1
Project("{FAE04EC0-301F-11D3-BF4B-00C04F79EFBC}") = "ProyectoDePrueba", "ProyectoDePrueba.csproj", "{FB3263EE-C9DA-4C01-B5E9-EB8BA54A931C}"
EndProject
Global
	GlobalSection(SolutionConfigurationPlatforms) = preSolution
		Debug|Any CPU = Debug|Any CPU
		Release|Any CPU = Release|Any CPU
	EndGlobalSection
	GlobalSection(ProjectConfigurationPlatforms) = postSolution
		{FB3263EE-C9DA-4C01-B5E9-EB8BA54A931C}.Debug|Any CPU.ActiveCfg = Debug|Any CPU
		{FB3263EE-C9DA-4C01-B5E9-EB8BA54A931C}.Debug|Any CPU.Build.0 = Debug|Any CPU
		{FB3263EE-C9DA-4C01-B5E9-EB8BA54A931C}.Release|Any CPU.ActiveCfg = Release|Any CPU
		{FB3263EE-C9DA-4C01-B5E9-EB8BA54A931C}.Release|Any CPU.Build.0 = Release|Any CPU
	EndGlobalSection
	GlobalSection(SolutionProperties) = preSolution
		HideSolutionNode = FALSE
	EndGlobalSection
	GlobalSection(ExtensibilityGlobals) = postSolution
		SolutionGuid = {B7A80BDB-BF00-4F90-9741-B171C41E29B3}
	EndGlobalSection
EndGlobal
